// !$*UTF8*$!
{
	archiveVersion = 1;
	classes = {
	};
	objectVersion = 46;
	objects = {

/* Begin PBXBuildFile section */
		13A93D4CDE237D7D8AD2AB5C /* Pods_turbolinks_testUITests.framework in Frameworks */ = {isa = PBXBuildFile; fileRef = 5E4934EAAA3B04AB8249AF0B /* Pods_turbolinks_testUITests.framework */; };
		33F05EB63A18F2C3E2046D08 /* Pods_turbolinks_test.framework in Frameworks */ = {isa = PBXBuildFile; fileRef = D296AFF5812B64E7BF19424B /* Pods_turbolinks_test.framework */; };
		44307D341E5E0206002EA746 /* TurboViewController.swift in Sources */ = {isa = PBXBuildFile; fileRef = 44307D331E5E0206002EA746 /* TurboViewController.swift */; };
		44307D381E5E0878002EA746 /* PagesViewController.swift in Sources */ = {isa = PBXBuildFile; fileRef = 44307D371E5E0878002EA746 /* PagesViewController.swift */; };
		44307D3C1E5E0B69002EA746 /* Error.swift in Sources */ = {isa = PBXBuildFile; fileRef = 44307D391E5E0B69002EA746 /* Error.swift */; };
		44307D3D1E5E0B69002EA746 /* ErrorView.swift in Sources */ = {isa = PBXBuildFile; fileRef = 44307D3A1E5E0B69002EA746 /* ErrorView.swift */; };
		44307D3E1E5E0B69002EA746 /* ErrorView.xib in Resources */ = {isa = PBXBuildFile; fileRef = 44307D3B1E5E0B69002EA746 /* ErrorView.xib */; };
		446CED871E5DF9E50098BD0A /* AppDelegate.swift in Sources */ = {isa = PBXBuildFile; fileRef = 446CED861E5DF9E50098BD0A /* AppDelegate.swift */; };
		446CED891E5DF9E50098BD0A /* FirstViewController.swift in Sources */ = {isa = PBXBuildFile; fileRef = 446CED881E5DF9E50098BD0A /* FirstViewController.swift */; };
		446CED8B1E5DF9E50098BD0A /* SecondViewController.swift in Sources */ = {isa = PBXBuildFile; fileRef = 446CED8A1E5DF9E50098BD0A /* SecondViewController.swift */; };
		446CED8E1E5DF9E50098BD0A /* Main.storyboard in Resources */ = {isa = PBXBuildFile; fileRef = 446CED8C1E5DF9E50098BD0A /* Main.storyboard */; };
		446CED901E5DF9E50098BD0A /* Assets.xcassets in Resources */ = {isa = PBXBuildFile; fileRef = 446CED8F1E5DF9E50098BD0A /* Assets.xcassets */; };
		446CED931E5DF9E50098BD0A /* LaunchScreen.storyboard in Resources */ = {isa = PBXBuildFile; fileRef = 446CED911E5DF9E50098BD0A /* LaunchScreen.storyboard */; };
		446CED9E1E5DF9E50098BD0A /* turbolinks_testTests.swift in Sources */ = {isa = PBXBuildFile; fileRef = 446CED9D1E5DF9E50098BD0A /* turbolinks_testTests.swift */; };
		446CEDA91E5DF9E50098BD0A /* turbolinks_testUITests.swift in Sources */ = {isa = PBXBuildFile; fileRef = 446CEDA81E5DF9E50098BD0A /* turbolinks_testUITests.swift */; };
		44D775881E5E2AAE00471A8A /* AuthenticationController.swift in Sources */ = {isa = PBXBuildFile; fileRef = 44D775871E5E2AAE00471A8A /* AuthenticationController.swift */; };
		F0738997D16541690ACBFD07 /* Pods_turbolinks_testTests.framework in Frameworks */ = {isa = PBXBuildFile; fileRef = EC237CCD7B1C0E228AF50283 /* Pods_turbolinks_testTests.framework */; };
/* End PBXBuildFile section */

/* Begin PBXContainerItemProxy section */
		446CED9A1E5DF9E50098BD0A /* PBXContainerItemProxy */ = {
			isa = PBXContainerItemProxy;
			containerPortal = 446CED7B1E5DF9E40098BD0A /* Project object */;
			proxyType = 1;
			remoteGlobalIDString = 446CED821E5DF9E40098BD0A;
			remoteInfo = "turbolinks-test";
		};
		446CEDA51E5DF9E50098BD0A /* PBXContainerItemProxy */ = {
			isa = PBXContainerItemProxy;
			containerPortal = 446CED7B1E5DF9E40098BD0A /* Project object */;
			proxyType = 1;
			remoteGlobalIDString = 446CED821E5DF9E40098BD0A;
			remoteInfo = "turbolinks-test";
		};
/* End PBXContainerItemProxy section */

/* Begin PBXFileReference section */
		15AADEF9F75421B51643AB6A /* Pods-turbolinks-testUITests.release.xcconfig */ = {isa = PBXFileReference; includeInIndex = 1; lastKnownFileType = text.xcconfig; name = "Pods-turbolinks-testUITests.release.xcconfig"; path = "Pods/Target Support Files/Pods-turbolinks-testUITests/Pods-turbolinks-testUITests.release.xcconfig"; sourceTree = "<group>"; };
		256778446DA46B3F8DE821D0 /* Pods-turbolinks-testTests.release.xcconfig */ = {isa = PBXFileReference; includeInIndex = 1; lastKnownFileType = text.xcconfig; name = "Pods-turbolinks-testTests.release.xcconfig"; path = "Pods/Target Support Files/Pods-turbolinks-testTests/Pods-turbolinks-testTests.release.xcconfig"; sourceTree = "<group>"; };
		407D3274202357A57F7360BD /* Pods-turbolinks-test.debug.xcconfig */ = {isa = PBXFileReference; includeInIndex = 1; lastKnownFileType = text.xcconfig; name = "Pods-turbolinks-test.debug.xcconfig"; path = "Pods/Target Support Files/Pods-turbolinks-test/Pods-turbolinks-test.debug.xcconfig"; sourceTree = "<group>"; };
		44307D331E5E0206002EA746 /* TurboViewController.swift */ = {isa = PBXFileReference; fileEncoding = 4; lastKnownFileType = sourcecode.swift; path = TurboViewController.swift; sourceTree = "<group>"; };
		44307D371E5E0878002EA746 /* PagesViewController.swift */ = {isa = PBXFileReference; fileEncoding = 4; lastKnownFileType = sourcecode.swift; path = PagesViewController.swift; sourceTree = "<group>"; };
		44307D391E5E0B69002EA746 /* Error.swift */ = {isa = PBXFileReference; fileEncoding = 4; lastKnownFileType = sourcecode.swift; path = Error.swift; sourceTree = "<group>"; };
		44307D3A1E5E0B69002EA746 /* ErrorView.swift */ = {isa = PBXFileReference; fileEncoding = 4; lastKnownFileType = sourcecode.swift; path = ErrorView.swift; sourceTree = "<group>"; };
		44307D3B1E5E0B69002EA746 /* ErrorView.xib */ = {isa = PBXFileReference; fileEncoding = 4; lastKnownFileType = file.xib; path = ErrorView.xib; sourceTree = "<group>"; };
		444855F31E5E4F9200B0E108 /* turbolinks-test.entitlements */ = {isa = PBXFileReference; lastKnownFileType = text.plist.entitlements; path = "turbolinks-test.entitlements"; sourceTree = "<group>"; };
		446C85CC4AE3A5E7E2E44DA3 /* Pods-turbolinks-test.release.xcconfig */ = {isa = PBXFileReference; includeInIndex = 1; lastKnownFileType = text.xcconfig; name = "Pods-turbolinks-test.release.xcconfig"; path = "Pods/Target Support Files/Pods-turbolinks-test/Pods-turbolinks-test.release.xcconfig"; sourceTree = "<group>"; };
		446CED831E5DF9E50098BD0A /* turbolinks-test.app */ = {isa = PBXFileReference; explicitFileType = wrapper.application; includeInIndex = 0; path = "turbolinks-test.app"; sourceTree = BUILT_PRODUCTS_DIR; };
		446CED861E5DF9E50098BD0A /* AppDelegate.swift */ = {isa = PBXFileReference; lastKnownFileType = sourcecode.swift; path = AppDelegate.swift; sourceTree = "<group>"; };
		446CED881E5DF9E50098BD0A /* FirstViewController.swift */ = {isa = PBXFileReference; lastKnownFileType = sourcecode.swift; path = FirstViewController.swift; sourceTree = "<group>"; };
		446CED8A1E5DF9E50098BD0A /* SecondViewController.swift */ = {isa = PBXFileReference; lastKnownFileType = sourcecode.swift; path = SecondViewController.swift; sourceTree = "<group>"; };
		446CED8D1E5DF9E50098BD0A /* Base */ = {isa = PBXFileReference; lastKnownFileType = file.storyboard; name = Base; path = Base.lproj/Main.storyboard; sourceTree = "<group>"; };
		446CED8F1E5DF9E50098BD0A /* Assets.xcassets */ = {isa = PBXFileReference; lastKnownFileType = folder.assetcatalog; path = Assets.xcassets; sourceTree = "<group>"; };
		446CED921E5DF9E50098BD0A /* Base */ = {isa = PBXFileReference; lastKnownFileType = file.storyboard; name = Base; path = Base.lproj/LaunchScreen.storyboard; sourceTree = "<group>"; };
		446CED941E5DF9E50098BD0A /* Info.plist */ = {isa = PBXFileReference; lastKnownFileType = text.plist.xml; path = Info.plist; sourceTree = "<group>"; };
		446CED991E5DF9E50098BD0A /* turbolinks-testTests.xctest */ = {isa = PBXFileReference; explicitFileType = wrapper.cfbundle; includeInIndex = 0; path = "turbolinks-testTests.xctest"; sourceTree = BUILT_PRODUCTS_DIR; };
		446CED9D1E5DF9E50098BD0A /* turbolinks_testTests.swift */ = {isa = PBXFileReference; lastKnownFileType = sourcecode.swift; path = turbolinks_testTests.swift; sourceTree = "<group>"; };
		446CED9F1E5DF9E50098BD0A /* Info.plist */ = {isa = PBXFileReference; lastKnownFileType = text.plist.xml; path = Info.plist; sourceTree = "<group>"; };
		446CEDA41E5DF9E50098BD0A /* turbolinks-testUITests.xctest */ = {isa = PBXFileReference; explicitFileType = wrapper.cfbundle; includeInIndex = 0; path = "turbolinks-testUITests.xctest"; sourceTree = BUILT_PRODUCTS_DIR; };
		446CEDA81E5DF9E50098BD0A /* turbolinks_testUITests.swift */ = {isa = PBXFileReference; lastKnownFileType = sourcecode.swift; path = turbolinks_testUITests.swift; sourceTree = "<group>"; };
		446CEDAA1E5DF9E50098BD0A /* Info.plist */ = {isa = PBXFileReference; lastKnownFileType = text.plist.xml; path = Info.plist; sourceTree = "<group>"; };
		44D775871E5E2AAE00471A8A /* AuthenticationController.swift */ = {isa = PBXFileReference; fileEncoding = 4; lastKnownFileType = sourcecode.swift; path = AuthenticationController.swift; sourceTree = "<group>"; };
		4F5E0CAA5D44AA87DC59C22D /* Pods-turbolinks-testUITests.debug.xcconfig */ = {isa = PBXFileReference; includeInIndex = 1; lastKnownFileType = text.xcconfig; name = "Pods-turbolinks-testUITests.debug.xcconfig"; path = "Pods/Target Support Files/Pods-turbolinks-testUITests/Pods-turbolinks-testUITests.debug.xcconfig"; sourceTree = "<group>"; };
		5E4934EAAA3B04AB8249AF0B /* Pods_turbolinks_testUITests.framework */ = {isa = PBXFileReference; explicitFileType = wrapper.framework; includeInIndex = 0; path = Pods_turbolinks_testUITests.framework; sourceTree = BUILT_PRODUCTS_DIR; };
		D296AFF5812B64E7BF19424B /* Pods_turbolinks_test.framework */ = {isa = PBXFileReference; explicitFileType = wrapper.framework; includeInIndex = 0; path = Pods_turbolinks_test.framework; sourceTree = BUILT_PRODUCTS_DIR; };
		DCA5D7039769DDD637076EB6 /* Pods-turbolinks-testTests.debug.xcconfig */ = {isa = PBXFileReference; includeInIndex = 1; lastKnownFileType = text.xcconfig; name = "Pods-turbolinks-testTests.debug.xcconfig"; path = "Pods/Target Support Files/Pods-turbolinks-testTests/Pods-turbolinks-testTests.debug.xcconfig"; sourceTree = "<group>"; };
		EC237CCD7B1C0E228AF50283 /* Pods_turbolinks_testTests.framework */ = {isa = PBXFileReference; explicitFileType = wrapper.framework; includeInIndex = 0; path = Pods_turbolinks_testTests.framework; sourceTree = BUILT_PRODUCTS_DIR; };
/* End PBXFileReference section */

/* Begin PBXFrameworksBuildPhase section */
		446CED801E5DF9E40098BD0A /* Frameworks */ = {
			isa = PBXFrameworksBuildPhase;
			buildActionMask = 2147483647;
			files = (
				33F05EB63A18F2C3E2046D08 /* Pods_turbolinks_test.framework in Frameworks */,
			);
			runOnlyForDeploymentPostprocessing = 0;
		};
		446CED961E5DF9E50098BD0A /* Frameworks */ = {
			isa = PBXFrameworksBuildPhase;
			buildActionMask = 2147483647;
			files = (
				F0738997D16541690ACBFD07 /* Pods_turbolinks_testTests.framework in Frameworks */,
			);
			runOnlyForDeploymentPostprocessing = 0;
		};
		446CEDA11E5DF9E50098BD0A /* Frameworks */ = {
			isa = PBXFrameworksBuildPhase;
			buildActionMask = 2147483647;
			files = (
				13A93D4CDE237D7D8AD2AB5C /* Pods_turbolinks_testUITests.framework in Frameworks */,
			);
			runOnlyForDeploymentPostprocessing = 0;
		};
/* End PBXFrameworksBuildPhase section */

/* Begin PBXGroup section */
		446CED7A1E5DF9E40098BD0A = {
			isa = PBXGroup;
			children = (
				446CED851E5DF9E50098BD0A /* turbolinks-test */,
				446CED9C1E5DF9E50098BD0A /* turbolinks-testTests */,
				446CEDA71E5DF9E50098BD0A /* turbolinks-testUITests */,
				446CED841E5DF9E50098BD0A /* Products */,
				8E3B1CE5B02C8EDC7174EC16 /* Pods */,
				AEA6D8B945E9EBC8BEB08B83 /* Frameworks */,
			);
			sourceTree = "<group>";
		};
		446CED841E5DF9E50098BD0A /* Products */ = {
			isa = PBXGroup;
			children = (
				446CED831E5DF9E50098BD0A /* turbolinks-test.app */,
				446CED991E5DF9E50098BD0A /* turbolinks-testTests.xctest */,
				446CEDA41E5DF9E50098BD0A /* turbolinks-testUITests.xctest */,
			);
			name = Products;
			sourceTree = "<group>";
		};
		446CED851E5DF9E50098BD0A /* turbolinks-test */ = {
			isa = PBXGroup;
			children = (
				444855F31E5E4F9200B0E108 /* turbolinks-test.entitlements */,
				44307D391E5E0B69002EA746 /* Error.swift */,
				44307D3A1E5E0B69002EA746 /* ErrorView.swift */,
				44307D3B1E5E0B69002EA746 /* ErrorView.xib */,
				446CED861E5DF9E50098BD0A /* AppDelegate.swift */,
				446CED881E5DF9E50098BD0A /* FirstViewController.swift */,
				446CED8A1E5DF9E50098BD0A /* SecondViewController.swift */,
				446CED8C1E5DF9E50098BD0A /* Main.storyboard */,
				446CED8F1E5DF9E50098BD0A /* Assets.xcassets */,
				446CED911E5DF9E50098BD0A /* LaunchScreen.storyboard */,
				446CED941E5DF9E50098BD0A /* Info.plist */,
				44307D331E5E0206002EA746 /* TurboViewController.swift */,
				44307D371E5E0878002EA746 /* PagesViewController.swift */,
				44D775871E5E2AAE00471A8A /* AuthenticationController.swift */,
			);
			path = "turbolinks-test";
			sourceTree = "<group>";
		};
		446CED9C1E5DF9E50098BD0A /* turbolinks-testTests */ = {
			isa = PBXGroup;
			children = (
				446CED9D1E5DF9E50098BD0A /* turbolinks_testTests.swift */,
				446CED9F1E5DF9E50098BD0A /* Info.plist */,
			);
			path = "turbolinks-testTests";
			sourceTree = "<group>";
		};
		446CEDA71E5DF9E50098BD0A /* turbolinks-testUITests */ = {
			isa = PBXGroup;
			children = (
				446CEDA81E5DF9E50098BD0A /* turbolinks_testUITests.swift */,
				446CEDAA1E5DF9E50098BD0A /* Info.plist */,
			);
			path = "turbolinks-testUITests";
			sourceTree = "<group>";
		};
		8E3B1CE5B02C8EDC7174EC16 /* Pods */ = {
			isa = PBXGroup;
			children = (
				407D3274202357A57F7360BD /* Pods-turbolinks-test.debug.xcconfig */,
				446C85CC4AE3A5E7E2E44DA3 /* Pods-turbolinks-test.release.xcconfig */,
				DCA5D7039769DDD637076EB6 /* Pods-turbolinks-testTests.debug.xcconfig */,
				256778446DA46B3F8DE821D0 /* Pods-turbolinks-testTests.release.xcconfig */,
				4F5E0CAA5D44AA87DC59C22D /* Pods-turbolinks-testUITests.debug.xcconfig */,
				15AADEF9F75421B51643AB6A /* Pods-turbolinks-testUITests.release.xcconfig */,
			);
			name = Pods;
			sourceTree = "<group>";
		};
		AEA6D8B945E9EBC8BEB08B83 /* Frameworks */ = {
			isa = PBXGroup;
			children = (
				D296AFF5812B64E7BF19424B /* Pods_turbolinks_test.framework */,
				EC237CCD7B1C0E228AF50283 /* Pods_turbolinks_testTests.framework */,
				5E4934EAAA3B04AB8249AF0B /* Pods_turbolinks_testUITests.framework */,
			);
			name = Frameworks;
			sourceTree = "<group>";
		};
/* End PBXGroup section */

/* Begin PBXNativeTarget section */
		446CED821E5DF9E40098BD0A /* turbolinks-test */ = {
			isa = PBXNativeTarget;
			buildConfigurationList = 446CEDAD1E5DF9E50098BD0A /* Build configuration list for PBXNativeTarget "turbolinks-test" */;
			buildPhases = (
				F3AB4EC3CB759B6B230BE520 /* [CP] Check Pods Manifest.lock */,
				446CED7F1E5DF9E40098BD0A /* Sources */,
				446CED801E5DF9E40098BD0A /* Frameworks */,
				446CED811E5DF9E40098BD0A /* Resources */,
				C3DF3043462BB988A96D7A6C /* [CP] Embed Pods Frameworks */,
				35ACA6A784100D82E4F9704A /* [CP] Copy Pods Resources */,
			);
			buildRules = (
			);
			dependencies = (
			);
			name = "turbolinks-test";
			productName = "turbolinks-test";
			productReference = 446CED831E5DF9E50098BD0A /* turbolinks-test.app */;
			productType = "com.apple.product-type.application";
		};
		446CED981E5DF9E50098BD0A /* turbolinks-testTests */ = {
			isa = PBXNativeTarget;
			buildConfigurationList = 446CEDB01E5DF9E50098BD0A /* Build configuration list for PBXNativeTarget "turbolinks-testTests" */;
			buildPhases = (
				E4E183136C2F47F49C5E5BF1 /* [CP] Check Pods Manifest.lock */,
				446CED951E5DF9E50098BD0A /* Sources */,
				446CED961E5DF9E50098BD0A /* Frameworks */,
				446CED971E5DF9E50098BD0A /* Resources */,
				F75E1E4F6379025C99F867D8 /* [CP] Embed Pods Frameworks */,
				EDA79B49E96AE6D76068A5D9 /* [CP] Copy Pods Resources */,
			);
			buildRules = (
			);
			dependencies = (
				446CED9B1E5DF9E50098BD0A /* PBXTargetDependency */,
			);
			name = "turbolinks-testTests";
			productName = "turbolinks-testTests";
			productReference = 446CED991E5DF9E50098BD0A /* turbolinks-testTests.xctest */;
			productType = "com.apple.product-type.bundle.unit-test";
		};
		446CEDA31E5DF9E50098BD0A /* turbolinks-testUITests */ = {
			isa = PBXNativeTarget;
			buildConfigurationList = 446CEDB31E5DF9E50098BD0A /* Build configuration list for PBXNativeTarget "turbolinks-testUITests" */;
			buildPhases = (
				C6C95466594EF5709CA60007 /* [CP] Check Pods Manifest.lock */,
				446CEDA01E5DF9E50098BD0A /* Sources */,
				446CEDA11E5DF9E50098BD0A /* Frameworks */,
				446CEDA21E5DF9E50098BD0A /* Resources */,
				1EA96EEF453C5E4BF8E714F5 /* [CP] Embed Pods Frameworks */,
				3392C863FD70A4371CB81EA3 /* [CP] Copy Pods Resources */,
			);
			buildRules = (
			);
			dependencies = (
				446CEDA61E5DF9E50098BD0A /* PBXTargetDependency */,
			);
			name = "turbolinks-testUITests";
			productName = "turbolinks-testUITests";
			productReference = 446CEDA41E5DF9E50098BD0A /* turbolinks-testUITests.xctest */;
			productType = "com.apple.product-type.bundle.ui-testing";
		};
/* End PBXNativeTarget section */

/* Begin PBXProject section */
		446CED7B1E5DF9E40098BD0A /* Project object */ = {
			isa = PBXProject;
			attributes = {
				LastSwiftUpdateCheck = 0820;
				LastUpgradeCheck = 0820;
				ORGANIZATIONNAME = EasyBroker;
				TargetAttributes = {
					446CED821E5DF9E40098BD0A = {
						CreatedOnToolsVersion = 8.2.1;
						DevelopmentTeam = D6L3ZRDSWD;
						ProvisioningStyle = Automatic;
						SystemCapabilities = {
							com.apple.Push = {
								enabled = 1;
							};
						};
					};
					446CED981E5DF9E50098BD0A = {
						CreatedOnToolsVersion = 8.2.1;
						DevelopmentTeam = D6L3ZRDSWD;
						ProvisioningStyle = Automatic;
						TestTargetID = 446CED821E5DF9E40098BD0A;
					};
					446CEDA31E5DF9E50098BD0A = {
						CreatedOnToolsVersion = 8.2.1;
						DevelopmentTeam = D6L3ZRDSWD;
						ProvisioningStyle = Automatic;
						TestTargetID = 446CED821E5DF9E40098BD0A;
					};
				};
			};
			buildConfigurationList = 446CED7E1E5DF9E40098BD0A /* Build configuration list for PBXProject "turbolinks-test" */;
			compatibilityVersion = "Xcode 3.2";
			developmentRegion = English;
			hasScannedForEncodings = 0;
			knownRegions = (
				en,
				Base,
			);
			mainGroup = 446CED7A1E5DF9E40098BD0A;
			productRefGroup = 446CED841E5DF9E50098BD0A /* Products */;
			projectDirPath = "";
			projectRoot = "";
			targets = (
				446CED821E5DF9E40098BD0A /* turbolinks-test */,
				446CED981E5DF9E50098BD0A /* turbolinks-testTests */,
				446CEDA31E5DF9E50098BD0A /* turbolinks-testUITests */,
			);
		};
/* End PBXProject section */

/* Begin PBXResourcesBuildPhase section */
		446CED811E5DF9E40098BD0A /* Resources */ = {
			isa = PBXResourcesBuildPhase;
			buildActionMask = 2147483647;
			files = (
				446CED931E5DF9E50098BD0A /* LaunchScreen.storyboard in Resources */,
				446CED901E5DF9E50098BD0A /* Assets.xcassets in Resources */,
				446CED8E1E5DF9E50098BD0A /* Main.storyboard in Resources */,
				44307D3E1E5E0B69002EA746 /* ErrorView.xib in Resources */,
			);
			runOnlyForDeploymentPostprocessing = 0;
		};
		446CED971E5DF9E50098BD0A /* Resources */ = {
			isa = PBXResourcesBuildPhase;
			buildActionMask = 2147483647;
			files = (
			);
			runOnlyForDeploymentPostprocessing = 0;
		};
		446CEDA21E5DF9E50098BD0A /* Resources */ = {
			isa = PBXResourcesBuildPhase;
			buildActionMask = 2147483647;
			files = (
			);
			runOnlyForDeploymentPostprocessing = 0;
		};
/* End PBXResourcesBuildPhase section */

/* Begin PBXShellScriptBuildPhase section */
		1EA96EEF453C5E4BF8E714F5 /* [CP] Embed Pods Frameworks */ = {
			isa = PBXShellScriptBuildPhase;
			buildActionMask = 2147483647;
			files = (
			);
			inputPaths = (
			);
			name = "[CP] Embed Pods Frameworks";
			outputPaths = (
			);
			runOnlyForDeploymentPostprocessing = 0;
			shellPath = /bin/sh;
			shellScript = "\"${SRCROOT}/Pods/Target Support Files/Pods-turbolinks-testUITests/Pods-turbolinks-testUITests-frameworks.sh\"\n";
			showEnvVarsInLog = 0;
		};
		3392C863FD70A4371CB81EA3 /* [CP] Copy Pods Resources */ = {
			isa = PBXShellScriptBuildPhase;
			buildActionMask = 2147483647;
			files = (
			);
			inputPaths = (
			);
			name = "[CP] Copy Pods Resources";
			outputPaths = (
			);
			runOnlyForDeploymentPostprocessing = 0;
			shellPath = /bin/sh;
			shellScript = "\"${SRCROOT}/Pods/Target Support Files/Pods-turbolinks-testUITests/Pods-turbolinks-testUITests-resources.sh\"\n";
			showEnvVarsInLog = 0;
		};
		35ACA6A784100D82E4F9704A /* [CP] Copy Pods Resources */ = {
			isa = PBXShellScriptBuildPhase;
			buildActionMask = 2147483647;
			files = (
			);
			inputPaths = (
			);
			name = "[CP] Copy Pods Resources";
			outputPaths = (
			);
			runOnlyForDeploymentPostprocessing = 0;
			shellPath = /bin/sh;
			shellScript = "\"${SRCROOT}/Pods/Target Support Files/Pods-turbolinks-test/Pods-turbolinks-test-resources.sh\"\n";
			showEnvVarsInLog = 0;
		};
		C3DF3043462BB988A96D7A6C /* [CP] Embed Pods Frameworks */ = {
			isa = PBXShellScriptBuildPhase;
			buildActionMask = 2147483647;
			files = (
			);
			inputPaths = (
			);
			name = "[CP] Embed Pods Frameworks";
			outputPaths = (
			);
			runOnlyForDeploymentPostprocessing = 0;
			shellPath = /bin/sh;
			shellScript = "\"${SRCROOT}/Pods/Target Support Files/Pods-turbolinks-test/Pods-turbolinks-test-frameworks.sh\"\n";
			showEnvVarsInLog = 0;
		};
		C6C95466594EF5709CA60007 /* [CP] Check Pods Manifest.lock */ = {
			isa = PBXShellScriptBuildPhase;
			buildActionMask = 2147483647;
			files = (
			);
			inputPaths = (
			);
			name = "[CP] Check Pods Manifest.lock";
			outputPaths = (
			);
			runOnlyForDeploymentPostprocessing = 0;
			shellPath = /bin/sh;
			shellScript = "diff \"${PODS_ROOT}/../Podfile.lock\" \"${PODS_ROOT}/Manifest.lock\" > /dev/null\nif [ $? != 0 ] ; then\n    # print error to STDERR\n    echo \"error: The sandbox is not in sync with the Podfile.lock. Run 'pod install' or update your CocoaPods installation.\" >&2\n    exit 1\nfi\n";
			showEnvVarsInLog = 0;
		};
		E4E183136C2F47F49C5E5BF1 /* [CP] Check Pods Manifest.lock */ = {
			isa = PBXShellScriptBuildPhase;
			buildActionMask = 2147483647;
			files = (
			);
			inputPaths = (
			);
			name = "[CP] Check Pods Manifest.lock";
			outputPaths = (
			);
			runOnlyForDeploymentPostprocessing = 0;
			shellPath = /bin/sh;
			shellScript = "diff \"${PODS_ROOT}/../Podfile.lock\" \"${PODS_ROOT}/Manifest.lock\" > /dev/null\nif [ $? != 0 ] ; then\n    # print error to STDERR\n    echo \"error: The sandbox is not in sync with the Podfile.lock. Run 'pod install' or update your CocoaPods installation.\" >&2\n    exit 1\nfi\n";
			showEnvVarsInLog = 0;
		};
		EDA79B49E96AE6D76068A5D9 /* [CP] Copy Pods Resources */ = {
			isa = PBXShellScriptBuildPhase;
			buildActionMask = 2147483647;
			files = (
			);
			inputPaths = (
			);
			name = "[CP] Copy Pods Resources";
			outputPaths = (
			);
			runOnlyForDeploymentPostprocessing = 0;
			shellPath = /bin/sh;
			shellScript = "\"${SRCROOT}/Pods/Target Support Files/Pods-turbolinks-testTests/Pods-turbolinks-testTests-resources.sh\"\n";
			showEnvVarsInLog = 0;
		};
		F3AB4EC3CB759B6B230BE520 /* [CP] Check Pods Manifest.lock */ = {
			isa = PBXShellScriptBuildPhase;
			buildActionMask = 2147483647;
			files = (
			);
			inputPaths = (
			);
			name = "[CP] Check Pods Manifest.lock";
			outputPaths = (
			);
			runOnlyForDeploymentPostprocessing = 0;
			shellPath = /bin/sh;
			shellScript = "diff \"${PODS_ROOT}/../Podfile.lock\" \"${PODS_ROOT}/Manifest.lock\" > /dev/null\nif [ $? != 0 ] ; then\n    # print error to STDERR\n    echo \"error: The sandbox is not in sync with the Podfile.lock. Run 'pod install' or update your CocoaPods installation.\" >&2\n    exit 1\nfi\n";
			showEnvVarsInLog = 0;
		};
		F75E1E4F6379025C99F867D8 /* [CP] Embed Pods Frameworks */ = {
			isa = PBXShellScriptBuildPhase;
			buildActionMask = 2147483647;
			files = (
			);
			inputPaths = (
			);
			name = "[CP] Embed Pods Frameworks";
			outputPaths = (
			);
			runOnlyForDeploymentPostprocessing = 0;
			shellPath = /bin/sh;
			shellScript = "\"${SRCROOT}/Pods/Target Support Files/Pods-turbolinks-testTests/Pods-turbolinks-testTests-frameworks.sh\"\n";
			showEnvVarsInLog = 0;
		};
/* End PBXShellScriptBuildPhase section */

/* Begin PBXSourcesBuildPhase section */
		446CED7F1E5DF9E40098BD0A /* Sources */ = {
			isa = PBXSourcesBuildPhase;
			buildActionMask = 2147483647;
			files = (
				446CED8B1E5DF9E50098BD0A /* SecondViewController.swift in Sources */,
				44307D341E5E0206002EA746 /* TurboViewController.swift in Sources */,
				44307D381E5E0878002EA746 /* PagesViewController.swift in Sources */,
				446CED871E5DF9E50098BD0A /* AppDelegate.swift in Sources */,
				44307D3D1E5E0B69002EA746 /* ErrorView.swift in Sources */,
				44D775881E5E2AAE00471A8A /* AuthenticationController.swift in Sources */,
				44307D3C1E5E0B69002EA746 /* Error.swift in Sources */,
				446CED891E5DF9E50098BD0A /* FirstViewController.swift in Sources */,
			);
			runOnlyForDeploymentPostprocessing = 0;
		};
		446CED951E5DF9E50098BD0A /* Sources */ = {
			isa = PBXSourcesBuildPhase;
			buildActionMask = 2147483647;
			files = (
				446CED9E1E5DF9E50098BD0A /* turbolinks_testTests.swift in Sources */,
			);
			runOnlyForDeploymentPostprocessing = 0;
		};
		446CEDA01E5DF9E50098BD0A /* Sources */ = {
			isa = PBXSourcesBuildPhase;
			buildActionMask = 2147483647;
			files = (
				446CEDA91E5DF9E50098BD0A /* turbolinks_testUITests.swift in Sources */,
			);
			runOnlyForDeploymentPostprocessing = 0;
		};
/* End PBXSourcesBuildPhase section */

/* Begin PBXTargetDependency section */
		446CED9B1E5DF9E50098BD0A /* PBXTargetDependency */ = {
			isa = PBXTargetDependency;
			target = 446CED821E5DF9E40098BD0A /* turbolinks-test */;
			targetProxy = 446CED9A1E5DF9E50098BD0A /* PBXContainerItemProxy */;
		};
		446CEDA61E5DF9E50098BD0A /* PBXTargetDependency */ = {
			isa = PBXTargetDependency;
			target = 446CED821E5DF9E40098BD0A /* turbolinks-test */;
			targetProxy = 446CEDA51E5DF9E50098BD0A /* PBXContainerItemProxy */;
		};
/* End PBXTargetDependency section */

/* Begin PBXVariantGroup section */
		446CED8C1E5DF9E50098BD0A /* Main.storyboard */ = {
			isa = PBXVariantGroup;
			children = (
				446CED8D1E5DF9E50098BD0A /* Base */,
			);
			name = Main.storyboard;
			sourceTree = "<group>";
		};
		446CED911E5DF9E50098BD0A /* LaunchScreen.storyboard */ = {
			isa = PBXVariantGroup;
			children = (
				446CED921E5DF9E50098BD0A /* Base */,
			);
			name = LaunchScreen.storyboard;
			sourceTree = "<group>";
		};
/* End PBXVariantGroup section */

/* Begin XCBuildConfiguration section */
		446CEDAB1E5DF9E50098BD0A /* Debug */ = {
			isa = XCBuildConfiguration;
			buildSettings = {
				ALWAYS_SEARCH_USER_PATHS = NO;
				CLANG_ANALYZER_NONNULL = YES;
				CLANG_CXX_LANGUAGE_STANDARD = "gnu++0x";
				CLANG_CXX_LIBRARY = "libc++";
				CLANG_ENABLE_MODULES = YES;
				CLANG_ENABLE_OBJC_ARC = YES;
				CLANG_WARN_BOOL_CONVERSION = YES;
				CLANG_WARN_CONSTANT_CONVERSION = YES;
				CLANG_WARN_DIRECT_OBJC_ISA_USAGE = YES_ERROR;
				CLANG_WARN_DOCUMENTATION_COMMENTS = YES;
				CLANG_WARN_EMPTY_BODY = YES;
				CLANG_WARN_ENUM_CONVERSION = YES;
				CLANG_WARN_INFINITE_RECURSION = YES;
				CLANG_WARN_INT_CONVERSION = YES;
				CLANG_WARN_OBJC_ROOT_CLASS = YES_ERROR;
				CLANG_WARN_SUSPICIOUS_MOVE = YES;
				CLANG_WARN_UNREACHABLE_CODE = YES;
				CLANG_WARN__DUPLICATE_METHOD_MATCH = YES;
				"CODE_SIGN_IDENTITY[sdk=iphoneos*]" = "iPhone Developer";
				COPY_PHASE_STRIP = NO;
				DEBUG_INFORMATION_FORMAT = dwarf;
				ENABLE_STRICT_OBJC_MSGSEND = YES;
				ENABLE_TESTABILITY = YES;
				GCC_C_LANGUAGE_STANDARD = gnu99;
				GCC_DYNAMIC_NO_PIC = NO;
				GCC_NO_COMMON_BLOCKS = YES;
				GCC_OPTIMIZATION_LEVEL = 0;
				GCC_PREPROCESSOR_DEFINITIONS = (
					"DEBUG=1",
					"$(inherited)",
				);
				GCC_WARN_64_TO_32_BIT_CONVERSION = YES;
				GCC_WARN_ABOUT_RETURN_TYPE = YES_ERROR;
				GCC_WARN_UNDECLARED_SELECTOR = YES;
				GCC_WARN_UNINITIALIZED_AUTOS = YES_AGGRESSIVE;
				GCC_WARN_UNUSED_FUNCTION = YES;
				GCC_WARN_UNUSED_VARIABLE = YES;
				IPHONEOS_DEPLOYMENT_TARGET = 10.2;
				MTL_ENABLE_DEBUG_INFO = YES;
				ONLY_ACTIVE_ARCH = YES;
				SDKROOT = iphoneos;
				SWIFT_ACTIVE_COMPILATION_CONDITIONS = DEBUG;
				SWIFT_OPTIMIZATION_LEVEL = "-Onone";
				TARGETED_DEVICE_FAMILY = "1,2";
			};
			name = Debug;
		};
		446CEDAC1E5DF9E50098BD0A /* Release */ = {
			isa = XCBuildConfiguration;
			buildSettings = {
				ALWAYS_SEARCH_USER_PATHS = NO;
				CLANG_ANALYZER_NONNULL = YES;
				CLANG_CXX_LANGUAGE_STANDARD = "gnu++0x";
				CLANG_CXX_LIBRARY = "libc++";
				CLANG_ENABLE_MODULES = YES;
				CLANG_ENABLE_OBJC_ARC = YES;
				CLANG_WARN_BOOL_CONVERSION = YES;
				CLANG_WARN_CONSTANT_CONVERSION = YES;
				CLANG_WARN_DIRECT_OBJC_ISA_USAGE = YES_ERROR;
				CLANG_WARN_DOCUMENTATION_COMMENTS = YES;
				CLANG_WARN_EMPTY_BODY = YES;
				CLANG_WARN_ENUM_CONVERSION = YES;
				CLANG_WARN_INFINITE_RECURSION = YES;
				CLANG_WARN_INT_CONVERSION = YES;
				CLANG_WARN_OBJC_ROOT_CLASS = YES_ERROR;
				CLANG_WARN_SUSPICIOUS_MOVE = YES;
				CLANG_WARN_UNREACHABLE_CODE = YES;
				CLANG_WARN__DUPLICATE_METHOD_MATCH = YES;
				"CODE_SIGN_IDENTITY[sdk=iphoneos*]" = "iPhone Developer";
				COPY_PHASE_STRIP = NO;
				DEBUG_INFORMATION_FORMAT = "dwarf-with-dsym";
				ENABLE_NS_ASSERTIONS = NO;
				ENABLE_STRICT_OBJC_MSGSEND = YES;
				GCC_C_LANGUAGE_STANDARD = gnu99;
				GCC_NO_COMMON_BLOCKS = YES;
				GCC_WARN_64_TO_32_BIT_CONVERSION = YES;
				GCC_WARN_ABOUT_RETURN_TYPE = YES_ERROR;
				GCC_WARN_UNDECLARED_SELECTOR = YES;
				GCC_WARN_UNINITIALIZED_AUTOS = YES_AGGRESSIVE;
				GCC_WARN_UNUSED_FUNCTION = YES;
				GCC_WARN_UNUSED_VARIABLE = YES;
				IPHONEOS_DEPLOYMENT_TARGET = 10.2;
				MTL_ENABLE_DEBUG_INFO = NO;
				SDKROOT = iphoneos;
				SWIFT_OPTIMIZATION_LEVEL = "-Owholemodule";
				TARGETED_DEVICE_FAMILY = "1,2";
				VALIDATE_PRODUCT = YES;
			};
			name = Release;
		};
		446CEDAE1E5DF9E50098BD0A /* Debug */ = {
			isa = XCBuildConfiguration;
			baseConfigurationReference = 407D3274202357A57F7360BD /* Pods-turbolinks-test.debug.xcconfig */;
			buildSettings = {
				ASSETCATALOG_COMPILER_APPICON_NAME = AppIcon;
				CODE_SIGN_ENTITLEMENTS = "turbolinks-test/turbolinks-test.entitlements";
				DEVELOPMENT_TEAM = D6L3ZRDSWD;
				INFOPLIST_FILE = "turbolinks-test/Info.plist";
				LD_RUNPATH_SEARCH_PATHS = "$(inherited) @executable_path/Frameworks";
				PRODUCT_BUNDLE_IDENTIFIER = "com.easybroker.turbolinks-test";
				PRODUCT_NAME = "$(TARGET_NAME)";
				SWIFT_VERSION = 3.0;
			};
			name = Debug;
		};
		446CEDAF1E5DF9E50098BD0A /* Release */ = {
			isa = XCBuildConfiguration;
			baseConfigurationReference = 446C85CC4AE3A5E7E2E44DA3 /* Pods-turbolinks-test.release.xcconfig */;
			buildSettings = {
				ASSETCATALOG_COMPILER_APPICON_NAME = AppIcon;
				CODE_SIGN_ENTITLEMENTS = "turbolinks-test/turbolinks-test.entitlements";
				DEVELOPMENT_TEAM = D6L3ZRDSWD;
				INFOPLIST_FILE = "turbolinks-test/Info.plist";
				LD_RUNPATH_SEARCH_PATHS = "$(inherited) @executable_path/Frameworks";
				PRODUCT_BUNDLE_IDENTIFIER = "com.easybroker.turbolinks-test";
				PRODUCT_NAME = "$(TARGET_NAME)";
				SWIFT_VERSION = 3.0;
			};
			name = Release;
		};
		446CEDB11E5DF9E50098BD0A /* Debug */ = {
			isa = XCBuildConfiguration;
			baseConfigurationReference = DCA5D7039769DDD637076EB6 /* Pods-turbolinks-testTests.debug.xcconfig */;
			buildSettings = {
				ALWAYS_EMBED_SWIFT_STANDARD_LIBRARIES = YES;
				BUNDLE_LOADER = "$(TEST_HOST)";
				DEVELOPMENT_TEAM = D6L3ZRDSWD;
				INFOPLIST_FILE = "turbolinks-testTests/Info.plist";
				LD_RUNPATH_SEARCH_PATHS = "$(inherited) @executable_path/Frameworks @loader_path/Frameworks";
				PRODUCT_BUNDLE_IDENTIFIER = "com.easybroker.turbolinks-testTests";
				PRODUCT_NAME = "$(TARGET_NAME)";
				SWIFT_VERSION = 3.0;
				TEST_HOST = "$(BUILT_PRODUCTS_DIR)/turbolinks-test.app/turbolinks-test";
			};
			name = Debug;
		};
		446CEDB21E5DF9E50098BD0A /* Release */ = {
			isa = XCBuildConfiguration;
			baseConfigurationReference = 256778446DA46B3F8DE821D0 /* Pods-turbolinks-testTests.release.xcconfig */;
			buildSettings = {
				ALWAYS_EMBED_SWIFT_STANDARD_LIBRARIES = YES;
				BUNDLE_LOADER = "$(TEST_HOST)";
				DEVELOPMENT_TEAM = D6L3ZRDSWD;
				INFOPLIST_FILE = "turbolinks-testTests/Info.plist";
				LD_RUNPATH_SEARCH_PATHS = "$(inherited) @executable_path/Frameworks @loader_path/Frameworks";
				PRODUCT_BUNDLE_IDENTIFIER = "com.easybroker.turbolinks-testTests";
				PRODUCT_NAME = "$(TARGET_NAME)";
				SWIFT_VERSION = 3.0;
				TEST_HOST = "$(BUILT_PRODUCTS_DIR)/turbolinks-test.app/turbolinks-test";
			};
			name = Release;
		};
		446CEDB41E5DF9E50098BD0A /* Debug */ = {
			isa = XCBuildConfiguration;
			baseConfigurationReference = 4F5E0CAA5D44AA87DC59C22D /* Pods-turbolinks-testUITests.debug.xcconfig */;
			buildSettings = {
				ALWAYS_EMBED_SWIFT_STANDARD_LIBRARIES = YES;
				DEVELOPMENT_TEAM = D6L3ZRDSWD;
				INFOPLIST_FILE = "turbolinks-testUITests/Info.plist";
				LD_RUNPATH_SEARCH_PATHS = "$(inherited) @executable_path/Frameworks @loader_path/Frameworks";
				PRODUCT_BUNDLE_IDENTIFIER = "com.easybroker.turbolinks-testUITests";
				PRODUCT_NAME = "$(TARGET_NAME)";
				SWIFT_VERSION = 3.0;
				TEST_TARGET_NAME = "turbolinks-test";
			};
			name = Debug;
		};
		446CEDB51E5DF9E50098BD0A /* Release */ = {
			isa = XCBuildConfiguration;
			baseConfigurationReference = 15AADEF9F75421B51643AB6A /* Pods-turbolinks-testUITests.release.xcconfig */;
			buildSettings = {
				ALWAYS_EMBED_SWIFT_STANDARD_LIBRARIES = YES;
				DEVELOPMENT_TEAM = D6L3ZRDSWD;
				INFOPLIST_FILE = "turbolinks-testUITests/Info.plist";
				LD_RUNPATH_SEARCH_PATHS = "$(inherited) @executable_path/Frameworks @loader_path/Frameworks";
				PRODUCT_BUNDLE_IDENTIFIER = "com.easybroker.turbolinks-testUITests";
				PRODUCT_NAME = "$(TARGET_NAME)";
				SWIFT_VERSION = 3.0;
				TEST_TARGET_NAME = "turbolinks-test";
			};
			name = Release;
		};
/* End XCBuildConfiguration section */

/* Begin XCConfigurationList section */
		446CED7E1E5DF9E40098BD0A /* Build configuration list for PBXProject "turbolinks-test" */ = {
			isa = XCConfigurationList;
			buildConfigurations = (
				446CEDAB1E5DF9E50098BD0A /* Debug */,
				446CEDAC1E5DF9E50098BD0A /* Release */,
			);
			defaultConfigurationIsVisible = 0;
			defaultConfigurationName = Release;
		};
		446CEDAD1E5DF9E50098BD0A /* Build configuration list for PBXNativeTarget "turbolinks-test" */ = {
			isa = XCConfigurationList;
			buildConfigurations = (
				446CEDAE1E5DF9E50098BD0A /* Debug */,
				446CEDAF1E5DF9E50098BD0A /* Release */,
			);
			defaultConfigurationIsVisible = 0;
			defaultConfigurationName = Release;
		};
		446CEDB01E5DF9E50098BD0A /* Build configuration list for PBXNativeTarget "turbolinks-testTests" */ = {
			isa = XCConfigurationList;
			buildConfigurations = (
				446CEDB11E5DF9E50098BD0A /* Debug */,
				446CEDB21E5DF9E50098BD0A /* Release */,
			);
			defaultConfigurationIsVisible = 0;
			defaultConfigurationName = Release;
		};
		446CEDB31E5DF9E50098BD0A /* Build configuration list for PBXNativeTarget "turbolinks-testUITests" */ = {
			isa = XCConfigurationList;
			buildConfigurations = (
				446CEDB41E5DF9E50098BD0A /* Debug */,
				446CEDB51E5DF9E50098BD0A /* Release */,
			);
			defaultConfigurationIsVisible = 0;
			defaultConfigurationName = Release;
		};
/* End XCConfigurationList section */
	};
	rootObject = 446CED7B1E5DF9E40098BD0A /* Project object */;
}
